// !$*UTF8*$!
{
	archiveVersion = 1;
	classes = {
	};
	objectVersion = 77;
	objects = {

/* Begin PBXBuildFile section */
		030F3A402E8B6E02000E04B5 /* RxDataSources in Frameworks */ = {isa = PBXBuildFile; productRef = 030F3A3F2E8B6E02000E04B5 /* RxDataSources */; };
		039745922E86DFD100BDA511 /* Alamofire in Frameworks */ = {isa = PBXBuildFile; productRef = 039745912E86DFD100BDA511 /* Alamofire */; };
		039745952E86E08500BDA511 /* RealmSwift in Frameworks */ = {isa = PBXBuildFile; productRef = 039745942E86E08500BDA511 /* RealmSwift */; };
		039745962E86E24A00BDA511 /* RealmSwift in Embed Frameworks */ = {isa = PBXBuildFile; productRef = 039745942E86E08500BDA511 /* RealmSwift */; settings = {ATTRIBUTES = (CodeSignOnCopy, ); }; };
		03E2B5CE2E8664E400A8C8DA /* .gitignore in Resources */ = {isa = PBXBuildFile; fileRef = 03E2B5CD2E8664E400A8C8DA /* .gitignore */; };
		03E2B5D42E866F0B00A8C8DA /* SnapKit in Frameworks */ = {isa = PBXBuildFile; productRef = 03E2B5D32E866F0B00A8C8DA /* SnapKit */; };
		03E2B5DA2E866F3C00A8C8DA /* RxCocoa in Frameworks */ = {isa = PBXBuildFile; productRef = 03E2B5D92E866F3C00A8C8DA /* RxCocoa */; };
		03E2B5DC2E866F3C00A8C8DA /* RxSwift in Frameworks */ = {isa = PBXBuildFile; productRef = 03E2B5DB2E866F3C00A8C8DA /* RxSwift */; };
		03E2B5DF2E866F4B00A8C8DA /* Kingfisher in Frameworks */ = {isa = PBXBuildFile; productRef = 03E2B5DE2E866F4B00A8C8DA /* Kingfisher */; };
/* End PBXBuildFile section */

/* Begin PBXCopyFilesBuildPhase section */
		0397458C2E86DEDA00BDA511 /* Embed Frameworks */ = {
			isa = PBXCopyFilesBuildPhase;
			buildActionMask = 2147483647;
			dstPath = "";
			dstSubfolderSpec = 10;
			files = (
				039745962E86E24A00BDA511 /* RealmSwift in Embed Frameworks */,
			);
			name = "Embed Frameworks";
			runOnlyForDeploymentPostprocessing = 0;
		};
/* End PBXCopyFilesBuildPhase section */

/* Begin PBXFileReference section */
		03E2B5B52E8664AB00A8C8DA /* Sahara.app */ = {isa = PBXFileReference; explicitFileType = wrapper.application; includeInIndex = 0; path = Sahara.app; sourceTree = BUILT_PRODUCTS_DIR; };
		03E2B5CD2E8664E400A8C8DA /* .gitignore */ = {isa = PBXFileReference; lastKnownFileType = text; path = .gitignore; sourceTree = "<group>"; };
/* End PBXFileReference section */

/* Begin PBXFileSystemSynchronizedBuildFileExceptionSet section */
		03CBC48A2E8D051F005B2F6A /* Exceptions for "Sahara" folder in "Sahara" target */ = {
			isa = PBXFileSystemSynchronizedBuildFileExceptionSet;
			membershipExceptions = (
				Info.plist,
			);
			target = 03E2B5B42E8664AB00A8C8DA /* Sahara */;
		};
/* End PBXFileSystemSynchronizedBuildFileExceptionSet section */

/* Begin PBXFileSystemSynchronizedRootGroup section */
		03E2B5B72E8664AB00A8C8DA /* Sahara */ = {
			isa = PBXFileSystemSynchronizedRootGroup;
			exceptions = (
				03CBC48A2E8D051F005B2F6A /* Exceptions for "Sahara" folder in "Sahara" target */,
			);
			path = Sahara;
			sourceTree = "<group>";
		};
/* End PBXFileSystemSynchronizedRootGroup section */

/* Begin PBXFrameworksBuildPhase section */
		03E2B5B22E8664AB00A8C8DA /* Frameworks */ = {
			isa = PBXFrameworksBuildPhase;
			buildActionMask = 2147483647;
			files = (
				039745952E86E08500BDA511 /* RealmSwift in Frameworks */,
				03E2B5DA2E866F3C00A8C8DA /* RxCocoa in Frameworks */,
				03E2B5D42E866F0B00A8C8DA /* SnapKit in Frameworks */,
				03E2B5DC2E866F3C00A8C8DA /* RxSwift in Frameworks */,
				030F3A402E8B6E02000E04B5 /* RxDataSources in Frameworks */,
				039745922E86DFD100BDA511 /* Alamofire in Frameworks */,
				03E2B5DF2E866F4B00A8C8DA /* Kingfisher in Frameworks */,
			);
			runOnlyForDeploymentPostprocessing = 0;
		};
/* End PBXFrameworksBuildPhase section */

/* Begin PBXGroup section */
		03E2B5AC2E8664AB00A8C8DA = {
			isa = PBXGroup;
			children = (
				03E2B5CD2E8664E400A8C8DA /* .gitignore */,
				03E2B5B72E8664AB00A8C8DA /* Sahara */,
				03E2B5B62E8664AB00A8C8DA /* Products */,
			);
			sourceTree = "<group>";
		};
		03E2B5B62E8664AB00A8C8DA /* Products */ = {
			isa = PBXGroup;
			children = (
				03E2B5B52E8664AB00A8C8DA /* Sahara.app */,
			);
			name = Products;
			sourceTree = "<group>";
		};
/* End PBXGroup section */

/* Begin PBXNativeTarget section */
		03E2B5B42E8664AB00A8C8DA /* Sahara */ = {
			isa = PBXNativeTarget;
			buildConfigurationList = 03E2B5C82E8664AD00A8C8DA /* Build configuration list for PBXNativeTarget "Sahara" */;
			buildPhases = (
				03E2B5B12E8664AB00A8C8DA /* Sources */,
				03E2B5B22E8664AB00A8C8DA /* Frameworks */,
				03E2B5B32E8664AB00A8C8DA /* Resources */,
				0397458C2E86DEDA00BDA511 /* Embed Frameworks */,
			);
			buildRules = (
			);
			dependencies = (
			);
			fileSystemSynchronizedGroups = (
				03E2B5B72E8664AB00A8C8DA /* Sahara */,
			);
			name = Sahara;
			packageProductDependencies = (
				03E2B5D32E866F0B00A8C8DA /* SnapKit */,
				03E2B5D92E866F3C00A8C8DA /* RxCocoa */,
				03E2B5DB2E866F3C00A8C8DA /* RxSwift */,
				03E2B5DE2E866F4B00A8C8DA /* Kingfisher */,
				039745912E86DFD100BDA511 /* Alamofire */,
				039745942E86E08500BDA511 /* RealmSwift */,
				030F3A3F2E8B6E02000E04B5 /* RxDataSources */,
			);
			productName = Sahara;
			productReference = 03E2B5B52E8664AB00A8C8DA /* Sahara.app */;
			productType = "com.apple.product-type.application";
		};
/* End PBXNativeTarget section */

/* Begin PBXProject section */
		03E2B5AD2E8664AB00A8C8DA /* Project object */ = {
			isa = PBXProject;
			attributes = {
				BuildIndependentTargetsInParallel = 1;
				LastSwiftUpdateCheck = 1640;
				LastUpgradeCheck = 1640;
				TargetAttributes = {
					03E2B5B42E8664AB00A8C8DA = {
						CreatedOnToolsVersion = 16.4;
					};
				};
			};
			buildConfigurationList = 03E2B5B02E8664AB00A8C8DA /* Build configuration list for PBXProject "Sahara" */;
			developmentRegion = en;
			hasScannedForEncodings = 0;
			knownRegions = (
				en,
				Base,
			);
			mainGroup = 03E2B5AC2E8664AB00A8C8DA;
			minimizedProjectReferenceProxies = 1;
			packageReferences = (
				03E2B5D22E866F0B00A8C8DA /* XCRemoteSwiftPackageReference "SnapKit" */,
				03E2B5D82E866F3C00A8C8DA /* XCRemoteSwiftPackageReference "RxSwift" */,
				03E2B5DD2E866F4B00A8C8DA /* XCRemoteSwiftPackageReference "Kingfisher" */,
				039745902E86DFD100BDA511 /* XCRemoteSwiftPackageReference "Alamofire" */,
				039745932E86E08500BDA511 /* XCRemoteSwiftPackageReference "realm-swift" */,
				030F3A3E2E8B6E02000E04B5 /* XCRemoteSwiftPackageReference "RxDataSources" */,
			);
			preferredProjectObjectVersion = 77;
			productRefGroup = 03E2B5B62E8664AB00A8C8DA /* Products */;
			projectDirPath = "";
			projectRoot = "";
			targets = (
				03E2B5B42E8664AB00A8C8DA /* Sahara */,
			);
		};
/* End PBXProject section */

/* Begin PBXResourcesBuildPhase section */
		03E2B5B32E8664AB00A8C8DA /* Resources */ = {
			isa = PBXResourcesBuildPhase;
			buildActionMask = 2147483647;
			files = (
				03E2B5CE2E8664E400A8C8DA /* .gitignore in Resources */,
			);
			runOnlyForDeploymentPostprocessing = 0;
		};
/* End PBXResourcesBuildPhase section */

/* Begin PBXSourcesBuildPhase section */
		03E2B5B12E8664AB00A8C8DA /* Sources */ = {
			isa = PBXSourcesBuildPhase;
			buildActionMask = 2147483647;
			files = (
			);
			runOnlyForDeploymentPostprocessing = 0;
		};
/* End PBXSourcesBuildPhase section */

/* Begin XCBuildConfiguration section */
		03E2B5C92E8664AD00A8C8DA /* Debug */ = {
			isa = XCBuildConfiguration;
			buildSettings = {
				ASSETCATALOG_COMPILER_APPICON_NAME = AppIcon;
				ASSETCATALOG_COMPILER_GLOBAL_ACCENT_COLOR_NAME = AccentColor;
				CODE_SIGN_STYLE = Automatic;
				CURRENT_PROJECT_VERSION = 1;
				DEVELOPMENT_TEAM = RFZY2ACQ74;
				GENERATE_INFOPLIST_FILE = YES;
				INFOPLIST_FILE = Sahara/Info.plist;
				INFOPLIST_KEY_CFBundleDisplayName = Sahara;
				INFOPLIST_KEY_UIApplicationSupportsIndirectInputEvents = YES;
				INFOPLIST_KEY_UILaunchStoryboardName = LaunchScreen;
				INFOPLIST_KEY_UISupportedInterfaceOrientations = UIInterfaceOrientationPortrait;
				INFOPLIST_KEY_UISupportedInterfaceOrientations_iPad = UIInterfaceOrientationPortrait;
				IPHONEOS_DEPLOYMENT_TARGET = 16.0;
				LD_RUNPATH_SEARCH_PATHS = (
					"$(inherited)",
					"@executable_path/Frameworks",
				);
				MARKETING_VERSION = 1.0;
				PRODUCT_BUNDLE_IDENTIFIER = com.miya.Sahara;
				PRODUCT_NAME = "$(TARGET_NAME)";
				SUPPORTED_PLATFORMS = "iphoneos iphonesimulator";
				SUPPORTS_MACCATALYST = NO;
				SUPPORTS_MAC_DESIGNED_FOR_IPHONE_IPAD = NO;
				SUPPORTS_XR_DESIGNED_FOR_IPHONE_IPAD = NO;
				SWIFT_EMIT_LOC_STRINGS = YES;
				SWIFT_VERSION = 5.0;
				TARGETED_DEVICE_FAMILY = 1;
			};
			name = Debug;
		};
		03E2B5CA2E8664AD00A8C8DA /* Release */ = {
			isa = XCBuildConfiguration;
			buildSettings = {
				ASSETCATALOG_COMPILER_APPICON_NAME = AppIcon;
				ASSETCATALOG_COMPILER_GLOBAL_ACCENT_COLOR_NAME = AccentColor;
				CODE_SIGN_STYLE = Automatic;
				CURRENT_PROJECT_VERSION = 1;
				DEVELOPMENT_TEAM = RFZY2ACQ74;
				GENERATE_INFOPLIST_FILE = YES;
				INFOPLIST_FILE = Sahara/Info.plist;
				INFOPLIST_KEY_CFBundleDisplayName = Sahara;
				INFOPLIST_KEY_UIApplicationSupportsIndirectInputEvents = YES;
				INFOPLIST_KEY_UILaunchStoryboardName = LaunchScreen;
				INFOPLIST_KEY_UISupportedInterfaceOrientations = UIInterfaceOrientationPortrait;
				INFOPLIST_KEY_UISupportedInterfaceOrientations_iPad = UIInterfaceOrientationPortrait;
				IPHONEOS_DEPLOYMENT_TARGET = 16.0;
				LD_RUNPATH_SEARCH_PATHS = (
					"$(inherited)",
					"@executable_path/Frameworks",
				);
				MARKETING_VERSION = 1.0;
				PRODUCT_BUNDLE_IDENTIFIER = com.miya.Sahara;
				PRODUCT_NAME = "$(TARGET_NAME)";
				SUPPORTED_PLATFORMS = "iphoneos iphonesimulator";
				SUPPORTS_MACCATALYST = NO;
				SUPPORTS_MAC_DESIGNED_FOR_IPHONE_IPAD = NO;
				SUPPORTS_XR_DESIGNED_FOR_IPHONE_IPAD = NO;
				SWIFT_EMIT_LOC_STRINGS = YES;
				SWIFT_VERSION = 5.0;
				TARGETED_DEVICE_FAMILY = 1;
			};
			name = Release;
		};
		03E2B5CB2E8664AD00A8C8DA /* Debug */ = {
			isa = XCBuildConfiguration;
			buildSettings = {
				ALWAYS_SEARCH_USER_PATHS = NO;
				ASSETCATALOG_COMPILER_GENERATE_SWIFT_ASSET_SYMBOL_EXTENSIONS = YES;
				CLANG_ANALYZER_NONNULL = YES;
				CLANG_ANALYZER_NUMBER_OBJECT_CONVERSION = YES_AGGRESSIVE;
				CLANG_CXX_LANGUAGE_STANDARD = "gnu++20";
				CLANG_ENABLE_MODULES = YES;
				CLANG_ENABLE_OBJC_ARC = YES;
				CLANG_ENABLE_OBJC_WEAK = YES;
				CLANG_WARN_BLOCK_CAPTURE_AUTORELEASING = YES;
				CLANG_WARN_BOOL_CONVERSION = YES;
				CLANG_WARN_COMMA = YES;
				CLANG_WARN_CONSTANT_CONVERSION = YES;
				CLANG_WARN_DEPRECATED_OBJC_IMPLEMENTATIONS = YES;
				CLANG_WARN_DIRECT_OBJC_ISA_USAGE = YES_ERROR;
				CLANG_WARN_DOCUMENTATION_COMMENTS = YES;
				CLANG_WARN_EMPTY_BODY = YES;
				CLANG_WARN_ENUM_CONVERSION = YES;
				CLANG_WARN_INFINITE_RECURSION = YES;
				CLANG_WARN_INT_CONVERSION = YES;
				CLANG_WARN_NON_LITERAL_NULL_CONVERSION = YES;
				CLANG_WARN_OBJC_IMPLICIT_RETAIN_SELF = YES;
				CLANG_WARN_OBJC_LITERAL_CONVERSION = YES;
				CLANG_WARN_OBJC_ROOT_CLASS = YES_ERROR;
				CLANG_WARN_QUOTED_INCLUDE_IN_FRAMEWORK_HEADER = YES;
				CLANG_WARN_RANGE_LOOP_ANALYSIS = YES;
				CLANG_WARN_STRICT_PROTOTYPES = YES;
				CLANG_WARN_SUSPICIOUS_MOVE = YES;
				CLANG_WARN_UNGUARDED_AVAILABILITY = YES_AGGRESSIVE;
				CLANG_WARN_UNREACHABLE_CODE = YES;
				CLANG_WARN__DUPLICATE_METHOD_MATCH = YES;
				COPY_PHASE_STRIP = NO;
				DEBUG_INFORMATION_FORMAT = dwarf;
				DEVELOPMENT_TEAM = RFZY2ACQ74;
				ENABLE_STRICT_OBJC_MSGSEND = YES;
				ENABLE_TESTABILITY = YES;
				ENABLE_USER_SCRIPT_SANDBOXING = YES;
				GCC_C_LANGUAGE_STANDARD = gnu17;
				GCC_DYNAMIC_NO_PIC = NO;
				GCC_NO_COMMON_BLOCKS = YES;
				GCC_OPTIMIZATION_LEVEL = 0;
				GCC_PREPROCESSOR_DEFINITIONS = (
					"DEBUG=1",
					"$(inherited)",
				);
				GCC_WARN_64_TO_32_BIT_CONVERSION = YES;
				GCC_WARN_ABOUT_RETURN_TYPE = YES_ERROR;
				GCC_WARN_UNDECLARED_SELECTOR = YES;
				GCC_WARN_UNINITIALIZED_AUTOS = YES_AGGRESSIVE;
				GCC_WARN_UNUSED_FUNCTION = YES;
				GCC_WARN_UNUSED_VARIABLE = YES;
				IPHONEOS_DEPLOYMENT_TARGET = 18.5;
				LOCALIZATION_PREFERS_STRING_CATALOGS = YES;
				MTL_ENABLE_DEBUG_INFO = INCLUDE_SOURCE;
				MTL_FAST_MATH = YES;
				ONLY_ACTIVE_ARCH = YES;
				SDKROOT = iphoneos;
				SWIFT_ACTIVE_COMPILATION_CONDITIONS = "DEBUG $(inherited)";
				SWIFT_OPTIMIZATION_LEVEL = "-Onone";
			};
			name = Debug;
		};
		03E2B5CC2E8664AD00A8C8DA /* Release */ = {
			isa = XCBuildConfiguration;
			buildSettings = {
				ALWAYS_SEARCH_USER_PATHS = NO;
				ASSETCATALOG_COMPILER_GENERATE_SWIFT_ASSET_SYMBOL_EXTENSIONS = YES;
				CLANG_ANALYZER_NONNULL = YES;
				CLANG_ANALYZER_NUMBER_OBJECT_CONVERSION = YES_AGGRESSIVE;
				CLANG_CXX_LANGUAGE_STANDARD = "gnu++20";
				CLANG_ENABLE_MODULES = YES;
				CLANG_ENABLE_OBJC_ARC = YES;
				CLANG_ENABLE_OBJC_WEAK = YES;
				CLANG_WARN_BLOCK_CAPTURE_AUTORELEASING = YES;
				CLANG_WARN_BOOL_CONVERSION = YES;
				CLANG_WARN_COMMA = YES;
				CLANG_WARN_CONSTANT_CONVERSION = YES;
				CLANG_WARN_DEPRECATED_OBJC_IMPLEMENTATIONS = YES;
				CLANG_WARN_DIRECT_OBJC_ISA_USAGE = YES_ERROR;
				CLANG_WARN_DOCUMENTATION_COMMENTS = YES;
				CLANG_WARN_EMPTY_BODY = YES;
				CLANG_WARN_ENUM_CONVERSION = YES;
				CLANG_WARN_INFINITE_RECURSION = YES;
				CLANG_WARN_INT_CONVERSION = YES;
				CLANG_WARN_NON_LITERAL_NULL_CONVERSION = YES;
				CLANG_WARN_OBJC_IMPLICIT_RETAIN_SELF = YES;
				CLANG_WARN_OBJC_LITERAL_CONVERSION = YES;
				CLANG_WARN_OBJC_ROOT_CLASS = YES_ERROR;
				CLANG_WARN_QUOTED_INCLUDE_IN_FRAMEWORK_HEADER = YES;
				CLANG_WARN_RANGE_LOOP_ANALYSIS = YES;
				CLANG_WARN_STRICT_PROTOTYPES = YES;
				CLANG_WARN_SUSPICIOUS_MOVE = YES;
				CLANG_WARN_UNGUARDED_AVAILABILITY = YES_AGGRESSIVE;
				CLANG_WARN_UNREACHABLE_CODE = YES;
				CLANG_WARN__DUPLICATE_METHOD_MATCH = YES;
				COPY_PHASE_STRIP = NO;
				DEBUG_INFORMATION_FORMAT = "dwarf-with-dsym";
				DEVELOPMENT_TEAM = RFZY2ACQ74;
				ENABLE_NS_ASSERTIONS = NO;
				ENABLE_STRICT_OBJC_MSGSEND = YES;
				ENABLE_USER_SCRIPT_SANDBOXING = YES;
				GCC_C_LANGUAGE_STANDARD = gnu17;
				GCC_NO_COMMON_BLOCKS = YES;
				GCC_WARN_64_TO_32_BIT_CONVERSION = YES;
				GCC_WARN_ABOUT_RETURN_TYPE = YES_ERROR;
				GCC_WARN_UNDECLARED_SELECTOR = YES;
				GCC_WARN_UNINITIALIZED_AUTOS = YES_AGGRESSIVE;
				GCC_WARN_UNUSED_FUNCTION = YES;
				GCC_WARN_UNUSED_VARIABLE = YES;
				IPHONEOS_DEPLOYMENT_TARGET = 18.5;
				LOCALIZATION_PREFERS_STRING_CATALOGS = YES;
				MTL_ENABLE_DEBUG_INFO = NO;
				MTL_FAST_MATH = YES;
				SDKROOT = iphoneos;
				SWIFT_COMPILATION_MODE = wholemodule;
				VALIDATE_PRODUCT = YES;
			};
			name = Release;
		};
/* End XCBuildConfiguration section */

/* Begin XCConfigurationList section */
		03E2B5B02E8664AB00A8C8DA /* Build configuration list for PBXProject "Sahara" */ = {
			isa = XCConfigurationList;
			buildConfigurations = (
				03E2B5CB2E8664AD00A8C8DA /* Debug */,
				03E2B5CC2E8664AD00A8C8DA /* Release */,
			);
			defaultConfigurationIsVisible = 0;
			defaultConfigurationName = Release;
		};
		03E2B5C82E8664AD00A8C8DA /* Build configuration list for PBXNativeTarget "Sahara" */ = {
			isa = XCConfigurationList;
			buildConfigurations = (
				03E2B5C92E8664AD00A8C8DA /* Debug */,
				03E2B5CA2E8664AD00A8C8DA /* Release */,
			);
			defaultConfigurationIsVisible = 0;
			defaultConfigurationName = Release;
		};
/* End XCConfigurationList section */

/* Begin XCRemoteSwiftPackageReference section */
		030F3A3E2E8B6E02000E04B5 /* XCRemoteSwiftPackageReference "RxDataSources" */ = {
			isa = XCRemoteSwiftPackageReference;
			repositoryURL = "https://github.com/RxSwiftCommunity/RxDataSources.git";
			requirement = {
				kind = upToNextMajorVersion;
				minimumVersion = 5.0.2;
			};
		};
		039745902E86DFD100BDA511 /* XCRemoteSwiftPackageReference "Alamofire" */ = {
			isa = XCRemoteSwiftPackageReference;
			repositoryURL = "https://github.com/Alamofire/Alamofire";
			requirement = {
				kind = upToNextMajorVersion;
				minimumVersion = 5.10.2;
			};
		};
		039745932E86E08500BDA511 /* XCRemoteSwiftPackageReference "realm-swift" */ = {
			isa = XCRemoteSwiftPackageReference;
			repositoryURL = "https://github.com/realm/realm-swift.git";
			requirement = {
				kind = exactVersion;
				version = 20.0.3;
			};
		};
		03E2B5D22E866F0B00A8C8DA /* XCRemoteSwiftPackageReference "SnapKit" */ = {
			isa = XCRemoteSwiftPackageReference;
			repositoryURL = "https://github.com/SnapKit/SnapKit.git";
			requirement = {
				kind = upToNextMajorVersion;
				minimumVersion = 5.7.1;
			};
		};
		03E2B5D82E866F3C00A8C8DA /* XCRemoteSwiftPackageReference "RxSwift" */ = {
			isa = XCRemoteSwiftPackageReference;
			repositoryURL = "https://github.com/ReactiveX/RxSwift.git";
			requirement = {
				kind = upToNextMajorVersion;
				minimumVersion = 6.9.0;
			};
		};
		03E2B5DD2E866F4B00A8C8DA /* XCRemoteSwiftPackageReference "Kingfisher" */ = {
			isa = XCRemoteSwiftPackageReference;
			repositoryURL = "https://github.com/onevcat/Kingfisher";
			requirement = {
				kind = upToNextMajorVersion;
				minimumVersion = 8.5.0;
			};
		};
/* End XCRemoteSwiftPackageReference section */

/* Begin XCSwiftPackageProductDependency section */
		030F3A3F2E8B6E02000E04B5 /* RxDataSources */ = {
			isa = XCSwiftPackageProductDependency;
			package = 030F3A3E2E8B6E02000E04B5 /* XCRemoteSwiftPackageReference "RxDataSources" */;
			productName = RxDataSources;
		};
		039745912E86DFD100BDA511 /* Alamofire */ = {
			isa = XCSwiftPackageProductDependency;
			package = 039745902E86DFD100BDA511 /* XCRemoteSwiftPackageReference "Alamofire" */;
			productName = Alamofire;
		};
		039745942E86E08500BDA511 /* RealmSwift */ = {
			isa = XCSwiftPackageProductDependency;
			package = 039745932E86E08500BDA511 /* XCRemoteSwiftPackageReference "realm-swift" */;
			productName = RealmSwift;
		};
		03E2B5D32E866F0B00A8C8DA /* SnapKit */ = {
			isa = XCSwiftPackageProductDependency;
			package = 03E2B5D22E866F0B00A8C8DA /* XCRemoteSwiftPackageReference "SnapKit" */;
			productName = SnapKit;
		};
		03E2B5D92E866F3C00A8C8DA /* RxCocoa */ = {
			isa = XCSwiftPackageProductDependency;
			package = 03E2B5D82E866F3C00A8C8DA /* XCRemoteSwiftPackageReference "RxSwift" */;
			productName = RxCocoa;
		};
		03E2B5DB2E866F3C00A8C8DA /* RxSwift */ = {
			isa = XCSwiftPackageProductDependency;
			package = 03E2B5D82E866F3C00A8C8DA /* XCRemoteSwiftPackageReference "RxSwift" */;
			productName = RxSwift;
		};
		03E2B5DE2E866F4B00A8C8DA /* Kingfisher */ = {
			isa = XCSwiftPackageProductDependency;
			package = 03E2B5DD2E866F4B00A8C8DA /* XCRemoteSwiftPackageReference "Kingfisher" */;
			productName = Kingfisher;
		};
/* End XCSwiftPackageProductDependency section */
	};
	rootObject = 03E2B5AD2E8664AB00A8C8DA /* Project object */;
}
