// !$*UTF8*$!
{
	archiveVersion = 1;
	classes = {
	};
	objectVersion = 77;
	objects = {

/* Begin PBXBuildFile section */
		030F3A402E8B6E02000E04B5 /* RxDataSources in Frameworks */ = {isa = PBXBuildFile; productRef = 030F3A3F2E8B6E02000E04B5 /* RxDataSources */; };
		035A09142E90D2B900221B3E /* FirebaseAnalytics in Frameworks */ = {isa = PBXBuildFile; productRef = 035A09132E90D2B900221B3E /* FirebaseAnalytics */; };
		035A09162E90D2B900221B3E /* FirebaseCrashlytics in Frameworks */ = {isa = PBXBuildFile; productRef = 035A09152E90D2B900221B3E /* FirebaseCrashlytics */; };
		0373CD572EA157EA001DD9A0 /* FirebaseMessaging in Frameworks */ = {isa = PBXBuildFile; productRef = 0373CD562EA157EA001DD9A0 /* FirebaseMessaging */; };
		039745922E86DFD100BDA511 /* Alamofire in Frameworks */ = {isa = PBXBuildFile; productRef = 039745912E86DFD100BDA511 /* Alamofire */; };
		039745952E86E08500BDA511 /* RealmSwift in Frameworks */ = {isa = PBXBuildFile; productRef = 039745942E86E08500BDA511 /* RealmSwift */; };
		039745962E86E24A00BDA511 /* RealmSwift in Embed Frameworks */ = {isa = PBXBuildFile; productRef = 039745942E86E08500BDA511 /* RealmSwift */; settings = {ATTRIBUTES = (CodeSignOnCopy, ); }; };
		03BD998F2EA12A9E004F09FF /* RealmSwift in Frameworks */ = {isa = PBXBuildFile; productRef = 03BD998E2EA12A9E004F09FF /* RealmSwift */; };
		03BD99902EA12A9E004F09FF /* RealmSwift in Embed Frameworks */ = {isa = PBXBuildFile; productRef = 03BD998E2EA12A9E004F09FF /* RealmSwift */; settings = {ATTRIBUTES = (CodeSignOnCopy, ); }; };
		03E2B5CE2E8664E400A8C8DA /* .gitignore in Resources */ = {isa = PBXBuildFile; fileRef = 03E2B5CD2E8664E400A8C8DA /* .gitignore */; };
		03E2B5D42E866F0B00A8C8DA /* SnapKit in Frameworks */ = {isa = PBXBuildFile; productRef = 03E2B5D32E866F0B00A8C8DA /* SnapKit */; };
		03E2B5DA2E866F3C00A8C8DA /* RxCocoa in Frameworks */ = {isa = PBXBuildFile; productRef = 03E2B5D92E866F3C00A8C8DA /* RxCocoa */; };
		03E2B5DC2E866F3C00A8C8DA /* RxSwift in Frameworks */ = {isa = PBXBuildFile; productRef = 03E2B5DB2E866F3C00A8C8DA /* RxSwift */; };
		03E2B5DF2E866F4B00A8C8DA /* Kingfisher in Frameworks */ = {isa = PBXBuildFile; productRef = 03E2B5DE2E866F4B00A8C8DA /* Kingfisher */; };
		03F1A0032EC3D00100B4C003 /* ZIPFoundation in Frameworks */ = {isa = PBXBuildFile; productRef = 03F1A0022EC3D00100B4C002 /* ZIPFoundation */; };
		11EAA4A28534A849B54F71B8 /* SaharaWidget.swift in Sources */ = {isa = PBXBuildFile; fileRef = 9A08EFBD5AC7A29DB84BAB22 /* SaharaWidget.swift */; };
		35809AA4E121A6056CB56712 /* AppGroupContainer.swift in Sources */ = {isa = PBXBuildFile; fileRef = 4C9971CF5130426575EB86B8 /* AppGroupContainer.swift */; };
		40509515DF5217AEC51F227B /* SaharaWidget.appex in Embed Foundation Extensions */ = {isa = PBXBuildFile; fileRef = 1DB96372ED38F2E168CE54D0 /* SaharaWidget.appex */; settings = {ATTRIBUTES = (RemoveHeadersOnCopy, ); }; };
		41F9CBFF45B2A7276A014737 /* Localizable.strings in Resources */ = {isa = PBXBuildFile; fileRef = 7F687188F77FC625DD9732CC /* Localizable.strings */; };
		48B972EDA01A0D7DFAC497C8 /* Assets.xcassets in Resources */ = {isa = PBXBuildFile; fileRef = FAF3F6268F7FE8A9ADB1A7EB /* Assets.xcassets */; };
		9716DC354EDCBBF970FC7B1C /* Foundation.framework in Frameworks */ = {isa = PBXBuildFile; fileRef = 5784B26A0B503F279A42BC75 /* Foundation.framework */; };
		A1F0E7C3D8B24A9F10C3E002 /* Galmuri11-Bold.ttf in Resources */ = {isa = PBXBuildFile; fileRef = A1F0E7C3D8B24A9F10C3F002 /* Galmuri11-Bold.ttf */; };
		A1F0E7C3D8B24A9F10C3E003 /* Galmuri14.ttf in Resources */ = {isa = PBXBuildFile; fileRef = A1F0E7C3D8B24A9F10C3F003 /* Galmuri14.ttf */; };
		AD85792DE201FA8468B3E41E /* OnThisDaySelector.swift in Sources */ = {isa = PBXBuildFile; fileRef = 44A26D12CF118BD5052ABBF6 /* OnThisDaySelector.swift */; };
		EA52C3608F29D4B30139A488 /* WidgetCardEntry.swift in Sources */ = {isa = PBXBuildFile; fileRef = 1116F65DEB3596628C0C1D92 /* WidgetCardEntry.swift */; };
		F6478EED89A88C5C9B8679BF /* SaharaWidgetBundle.swift in Sources */ = {isa = PBXBuildFile; fileRef = 9FC5D9D4D4DD259374C87E64 /* SaharaWidgetBundle.swift */; };
		FCDBDE9C8938DB07A5B50AF6 /* WidgetEntryView.swift in Sources */ = {isa = PBXBuildFile; fileRef = D1A0295F178A2885F15A30C0 /* WidgetEntryView.swift */; };
		B7A3E1F2C4D5A6B8E9F01234 /* NavigateWidgetPhotoIntent.swift in Sources */ = {isa = PBXBuildFile; fileRef = B7A3E1F2C4D5A6B8E9F05678 /* NavigateWidgetPhotoIntent.swift */; };
/* End PBXBuildFile section */

/* Begin PBXContainerItemProxy section */
		0346946D2EA127BF0003065C /* PBXContainerItemProxy */ = {
			isa = PBXContainerItemProxy;
			containerPortal = 03E2B5AD2E8664AB00A8C8DA /* Project object */;
			proxyType = 1;
			remoteGlobalIDString = 03E2B5B42E8664AB00A8C8DA;
			remoteInfo = Sahara;
		};
		9F6C04DDB36FD24530F0AF49 /* PBXContainerItemProxy */ = {
			isa = PBXContainerItemProxy;
			containerPortal = 03E2B5AD2E8664AB00A8C8DA /* Project object */;
			proxyType = 1;
			remoteGlobalIDString = E45FD418C3D55D51C662192E;
			remoteInfo = SaharaWidget;
		};
/* End PBXContainerItemProxy section */

/* Begin PBXCopyFilesBuildPhase section */
		0397458C2E86DEDA00BDA511 /* Embed Frameworks */ = {
			isa = PBXCopyFilesBuildPhase;
			buildActionMask = 2147483647;
			dstPath = "";
			dstSubfolderSpec = 10;
			files = (
				039745962E86E24A00BDA511 /* RealmSwift in Embed Frameworks */,
			);
			name = "Embed Frameworks";
			runOnlyForDeploymentPostprocessing = 0;
		};
		03BD99912EA12A9E004F09FF /* Embed Frameworks */ = {
			isa = PBXCopyFilesBuildPhase;
			buildActionMask = 2147483647;
			dstPath = "";
			dstSubfolderSpec = 10;
			files = (
				03BD99902EA12A9E004F09FF /* RealmSwift in Embed Frameworks */,
			);
			name = "Embed Frameworks";
			runOnlyForDeploymentPostprocessing = 0;
		};
		0CF3CF22A2FCCC42E0636E51 /* Embed Foundation Extensions */ = {
			isa = PBXCopyFilesBuildPhase;
			buildActionMask = 2147483647;
			dstPath = "";
			dstSubfolderSpec = 13;
			files = (
				40509515DF5217AEC51F227B /* SaharaWidget.appex in Embed Foundation Extensions */,
			);
			name = "Embed Foundation Extensions";
			runOnlyForDeploymentPostprocessing = 0;
		};
/* End PBXCopyFilesBuildPhase section */

/* Begin PBXFileReference section */
		034694692EA127BF0003065C /* SaharaTests.xctest */ = {isa = PBXFileReference; explicitFileType = wrapper.cfbundle; includeInIndex = 0; path = SaharaTests.xctest; sourceTree = BUILT_PRODUCTS_DIR; };
		03E2B5B52E8664AB00A8C8DA /* Sahara.app */ = {isa = PBXFileReference; explicitFileType = wrapper.application; includeInIndex = 0; path = Sahara.app; sourceTree = BUILT_PRODUCTS_DIR; };
		03E2B5CD2E8664E400A8C8DA /* .gitignore */ = {isa = PBXFileReference; lastKnownFileType = text; path = .gitignore; sourceTree = "<group>"; };
		1116F65DEB3596628C0C1D92 /* WidgetCardEntry.swift */ = {isa = PBXFileReference; includeInIndex = 1; lastKnownFileType = sourcecode.swift; name = WidgetCardEntry.swift; path = Sahara/Common/Model/WidgetCardEntry.swift; sourceTree = SOURCE_ROOT; };
		1DB96372ED38F2E168CE54D0 /* SaharaWidget.appex */ = {isa = PBXFileReference; explicitFileType = "wrapper.app-extension"; includeInIndex = 0; path = SaharaWidget.appex; sourceTree = BUILT_PRODUCTS_DIR; };
		2248A9DE1AE24A3DFBF50CFE /* zh-Hans */ = {isa = PBXFileReference; includeInIndex = 1; lastKnownFileType = text.plist.strings; name = "zh-Hans"; path = "zh-Hans.lproj/Localizable.strings"; sourceTree = "<group>"; };
		2FFA727C3FD2CBCD02C8459C /* ja */ = {isa = PBXFileReference; includeInIndex = 1; lastKnownFileType = text.plist.strings; name = ja; path = ja.lproj/Localizable.strings; sourceTree = "<group>"; };
		42B47BDB082DFD3FB45AC439 /* Info.plist */ = {isa = PBXFileReference; includeInIndex = 1; lastKnownFileType = text.plist.xml; path = Info.plist; sourceTree = "<group>"; };
		4301DA729761C01C60469C92 /* SaharaWidget.entitlements */ = {isa = PBXFileReference; includeInIndex = 1; lastKnownFileType = text.plist.entitlements; path = SaharaWidget.entitlements; sourceTree = "<group>"; };
		44A26D12CF118BD5052ABBF6 /* OnThisDaySelector.swift */ = {isa = PBXFileReference; includeInIndex = 1; lastKnownFileType = sourcecode.swift; name = OnThisDaySelector.swift; path = Sahara/Common/Utility/OnThisDaySelector.swift; sourceTree = SOURCE_ROOT; };
		B7A3E1F2C4D5A6B8E9F05678 /* NavigateWidgetPhotoIntent.swift */ = {isa = PBXFileReference; includeInIndex = 1; lastKnownFileType = sourcecode.swift; path = NavigateWidgetPhotoIntent.swift; sourceTree = "<group>"; };
		47CD2822568FA817EC45BEE9 /* en */ = {isa = PBXFileReference; includeInIndex = 1; lastKnownFileType = text.plist.strings; name = en; path = en.lproj/Localizable.strings; sourceTree = "<group>"; };
		4C9971CF5130426575EB86B8 /* AppGroupContainer.swift */ = {isa = PBXFileReference; includeInIndex = 1; lastKnownFileType = sourcecode.swift; name = AppGroupContainer.swift; path = Sahara/Common/Utility/AppGroupContainer.swift; sourceTree = SOURCE_ROOT; };
		5784B26A0B503F279A42BC75 /* Foundation.framework */ = {isa = PBXFileReference; lastKnownFileType = wrapper.framework; name = Foundation.framework; path = Platforms/iPhoneOS.platform/Developer/SDKs/iPhoneOS18.0.sdk/System/Library/Frameworks/Foundation.framework; sourceTree = DEVELOPER_DIR; };
		9A08EFBD5AC7A29DB84BAB22 /* SaharaWidget.swift */ = {isa = PBXFileReference; includeInIndex = 1; lastKnownFileType = sourcecode.swift; path = SaharaWidget.swift; sourceTree = "<group>"; };
		9FC5D9D4D4DD259374C87E64 /* SaharaWidgetBundle.swift */ = {isa = PBXFileReference; includeInIndex = 1; lastKnownFileType = sourcecode.swift; path = SaharaWidgetBundle.swift; sourceTree = "<group>"; };
		A1F0E7C3D8B24A9F10C3F002 /* Galmuri11-Bold.ttf */ = {isa = PBXFileReference; includeInIndex = 1; lastKnownFileType = file; name = "Galmuri11-Bold.ttf"; path = "Sahara/Resources/Fonts/Galmuri11-Bold.ttf"; sourceTree = SOURCE_ROOT; };
		A1F0E7C3D8B24A9F10C3F003 /* Galmuri14.ttf */ = {isa = PBXFileReference; includeInIndex = 1; lastKnownFileType = file; name = Galmuri14.ttf; path = Sahara/Resources/Fonts/Galmuri14.ttf; sourceTree = SOURCE_ROOT; };
		CE323ED067314EE13712B049 /* WidgetKit.framework */ = {isa = PBXFileReference; includeInIndex = 1; lastKnownFileType = wrapper.framework; name = WidgetKit.framework; path = System/Library/Frameworks/WidgetKit.framework; sourceTree = SDKROOT; };
		D1A0295F178A2885F15A30C0 /* WidgetEntryView.swift */ = {isa = PBXFileReference; includeInIndex = 1; lastKnownFileType = sourcecode.swift; path = WidgetEntryView.swift; sourceTree = "<group>"; };
		DDAE112A04E74E8EB5EDDB78 /* ko */ = {isa = PBXFileReference; includeInIndex = 1; lastKnownFileType = text.plist.strings; name = ko; path = ko.lproj/Localizable.strings; sourceTree = "<group>"; };
		FAF3F6268F7FE8A9ADB1A7EB /* Assets.xcassets */ = {isa = PBXFileReference; includeInIndex = 1; lastKnownFileType = folder.assetcatalog; path = Assets.xcassets; sourceTree = "<group>"; };
/* End PBXFileReference section */

/* Begin PBXFileSystemSynchronizedBuildFileExceptionSet section */
		03CBC48A2E8D051F005B2F6A /* Exceptions for "Sahara" folder in "Sahara" target */ = {
			isa = PBXFileSystemSynchronizedBuildFileExceptionSet;
			membershipExceptions = (
				Info.plist,
			);
			target = 03E2B5B42E8664AB00A8C8DA /* Sahara */;
		};
/* End PBXFileSystemSynchronizedBuildFileExceptionSet section */

/* Begin PBXFileSystemSynchronizedRootGroup section */
		0346946A2EA127BF0003065C /* SaharaTests */ = {
			isa = PBXFileSystemSynchronizedRootGroup;
			path = SaharaTests;
			sourceTree = "<group>";
		};
		03E2B5B72E8664AB00A8C8DA /* Sahara */ = {
			isa = PBXFileSystemSynchronizedRootGroup;
			exceptions = (
				03CBC48A2E8D051F005B2F6A /* Exceptions for "Sahara" folder in "Sahara" target */,
			);
			path = Sahara;
			sourceTree = "<group>";
		};
/* End PBXFileSystemSynchronizedRootGroup section */

/* Begin PBXFrameworksBuildPhase section */
		034694662EA127BF0003065C /* Frameworks */ = {
			isa = PBXFrameworksBuildPhase;
			buildActionMask = 2147483647;
			files = (
				03BD998F2EA12A9E004F09FF /* RealmSwift in Frameworks */,
			);
			runOnlyForDeploymentPostprocessing = 0;
		};
		03E2B5B22E8664AB00A8C8DA /* Frameworks */ = {
			isa = PBXFrameworksBuildPhase;
			buildActionMask = 2147483647;
			files = (
				039745952E86E08500BDA511 /* RealmSwift in Frameworks */,
				03E2B5DA2E866F3C00A8C8DA /* RxCocoa in Frameworks */,
				0373CD572EA157EA001DD9A0 /* FirebaseMessaging in Frameworks */,
				035A09142E90D2B900221B3E /* FirebaseAnalytics in Frameworks */,
				03E2B5D42E866F0B00A8C8DA /* SnapKit in Frameworks */,
				03E2B5DC2E866F3C00A8C8DA /* RxSwift in Frameworks */,
				030F3A402E8B6E02000E04B5 /* RxDataSources in Frameworks */,
				035A09162E90D2B900221B3E /* FirebaseCrashlytics in Frameworks */,
				039745922E86DFD100BDA511 /* Alamofire in Frameworks */,
				03E2B5DF2E866F4B00A8C8DA /* Kingfisher in Frameworks */,
				03F1A0032EC3D00100B4C003 /* ZIPFoundation in Frameworks */,
			);
			runOnlyForDeploymentPostprocessing = 0;
		};
		99971638BA62160923E272A2 /* Frameworks */ = {
			isa = PBXFrameworksBuildPhase;
			buildActionMask = 2147483647;
			files = (
				9716DC354EDCBBF970FC7B1C /* Foundation.framework in Frameworks */,
			);
			runOnlyForDeploymentPostprocessing = 0;
		};
/* End PBXFrameworksBuildPhase section */

/* Begin PBXGroup section */
		032681792E9D5D6C00D44CC4 /* Frameworks */ = {
			isa = PBXGroup;
			children = (
				0F70D77D94F96D5BE854F814 /* iOS */,
				CE323ED067314EE13712B049 /* WidgetKit.framework */,
			);
			name = Frameworks;
			sourceTree = "<group>";
		};
		03E2B5AC2E8664AB00A8C8DA = {
			isa = PBXGroup;
			children = (
				03E2B5CD2E8664E400A8C8DA /* .gitignore */,
				03E2B5B72E8664AB00A8C8DA /* Sahara */,
				0346946A2EA127BF0003065C /* SaharaTests */,
				032681792E9D5D6C00D44CC4 /* Frameworks */,
				03E2B5B62E8664AB00A8C8DA /* Products */,
				673E3F5E08351D0A78BD3671 /* SaharaWidget */,
				C1BA6AAC55D437A4B615D5FB /* Sahara */,
			);
			sourceTree = "<group>";
		};
		03E2B5B62E8664AB00A8C8DA /* Products */ = {
			isa = PBXGroup;
			children = (
				03E2B5B52E8664AB00A8C8DA /* Sahara.app */,
				034694692EA127BF0003065C /* SaharaTests.xctest */,
				1DB96372ED38F2E168CE54D0 /* SaharaWidget.appex */,
			);
			name = Products;
			sourceTree = "<group>";
		};
		060E2F6095A14C26C94BEAA0 /* Resources */ = {
			isa = PBXGroup;
			children = (
				7F687188F77FC625DD9732CC /* Localizable.strings */,
			);
			path = Resources;
			sourceTree = "<group>";
		};
		0F70D77D94F96D5BE854F814 /* iOS */ = {
			isa = PBXGroup;
			children = (
				5784B26A0B503F279A42BC75 /* Foundation.framework */,
			);
			name = iOS;
			sourceTree = "<group>";
		};
		673E3F5E08351D0A78BD3671 /* SaharaWidget */ = {
			isa = PBXGroup;
			children = (
				4301DA729761C01C60469C92 /* SaharaWidget.entitlements */,
				42B47BDB082DFD3FB45AC439 /* Info.plist */,
				FAF3F6268F7FE8A9ADB1A7EB /* Assets.xcassets */,
				9FC5D9D4D4DD259374C87E64 /* SaharaWidgetBundle.swift */,
				9A08EFBD5AC7A29DB84BAB22 /* SaharaWidget.swift */,
				D1A0295F178A2885F15A30C0 /* WidgetEntryView.swift */,
				B7A3E1F2C4D5A6B8E9F05678 /* NavigateWidgetPhotoIntent.swift */,
				060E2F6095A14C26C94BEAA0 /* Resources */,
				4C9971CF5130426575EB86B8 /* AppGroupContainer.swift */,
				1116F65DEB3596628C0C1D92 /* WidgetCardEntry.swift */,
				44A26D12CF118BD5052ABBF6 /* OnThisDaySelector.swift */,
				A1F0E7C3D8B24A9F10C3F002 /* Galmuri11-Bold.ttf */,
				A1F0E7C3D8B24A9F10C3F003 /* Galmuri14.ttf */,
			);
			path = SaharaWidget;
			sourceTree = "<group>";
		};
		C1BA6AAC55D437A4B615D5FB /* Sahara */ = {
			isa = PBXGroup;
			children = (
			);
			path = Sahara;
			sourceTree = "<group>";
		};
/* End PBXGroup section */

/* Begin PBXNativeTarget section */
		034694682EA127BF0003065C /* SaharaTests */ = {
			isa = PBXNativeTarget;
			buildConfigurationList = 0346946F2EA127BF0003065C /* Build configuration list for PBXNativeTarget "SaharaTests" */;
			buildPhases = (
				034694652EA127BF0003065C /* Sources */,
				034694662EA127BF0003065C /* Frameworks */,
				034694672EA127BF0003065C /* Resources */,
				03BD99912EA12A9E004F09FF /* Embed Frameworks */,
			);
			buildRules = (
			);
			dependencies = (
				0346946E2EA127BF0003065C /* PBXTargetDependency */,
			);
			fileSystemSynchronizedGroups = (
				0346946A2EA127BF0003065C /* SaharaTests */,
			);
			name = SaharaTests;
			packageProductDependencies = (
				03BD998E2EA12A9E004F09FF /* RealmSwift */,
			);
			productName = SaharaTests;
			productReference = 034694692EA127BF0003065C /* SaharaTests.xctest */;
			productType = "com.apple.product-type.bundle.unit-test";
		};
		03E2B5B42E8664AB00A8C8DA /* Sahara */ = {
			isa = PBXNativeTarget;
			buildConfigurationList = 03E2B5C82E8664AD00A8C8DA /* Build configuration list for PBXNativeTarget "Sahara" */;
			buildPhases = (
				03E2B5B12E8664AB00A8C8DA /* Sources */,
				03E2B5B22E8664AB00A8C8DA /* Frameworks */,
				03E2B5B32E8664AB00A8C8DA /* Resources */,
				0397458C2E86DEDA00BDA511 /* Embed Frameworks */,
				035A09452E90D48500221B3E /* ShellScript */,
				0CF3CF22A2FCCC42E0636E51 /* Embed Foundation Extensions */,
			);
			buildRules = (
			);
			dependencies = (
				D25225EE73375F974FEA3678 /* PBXTargetDependency */,
			);
			fileSystemSynchronizedGroups = (
				03E2B5B72E8664AB00A8C8DA /* Sahara */,
			);
			name = Sahara;
			packageProductDependencies = (
				03E2B5D32E866F0B00A8C8DA /* SnapKit */,
				03E2B5D92E866F3C00A8C8DA /* RxCocoa */,
				03E2B5DB2E866F3C00A8C8DA /* RxSwift */,
				03E2B5DE2E866F4B00A8C8DA /* Kingfisher */,
				039745912E86DFD100BDA511 /* Alamofire */,
				039745942E86E08500BDA511 /* RealmSwift */,
				030F3A3F2E8B6E02000E04B5 /* RxDataSources */,
				035A09132E90D2B900221B3E /* FirebaseAnalytics */,
				035A09152E90D2B900221B3E /* FirebaseCrashlytics */,
				0373CD562EA157EA001DD9A0 /* FirebaseMessaging */,
				03F1A0022EC3D00100B4C002 /* ZIPFoundation */,
			);
			productName = Sahara;
			productReference = 03E2B5B52E8664AB00A8C8DA /* Sahara.app */;
			productType = "com.apple.product-type.application";
		};
		E45FD418C3D55D51C662192E /* SaharaWidget */ = {
			isa = PBXNativeTarget;
			buildConfigurationList = CB61CC5D02C375C634A66A57 /* Build configuration list for PBXNativeTarget "SaharaWidget" */;
			buildPhases = (
				934E7857321C41EB398AEEE6 /* Sources */,
				99971638BA62160923E272A2 /* Frameworks */,
				3FC3F5B1EE611E2B57CA2291 /* Resources */,
			);
			buildRules = (
			);
			dependencies = (
			);
			name = SaharaWidget;
			productName = SaharaWidget;
			productReference = 1DB96372ED38F2E168CE54D0 /* SaharaWidget.appex */;
			productType = "com.apple.product-type.app-extension";
		};
/* End PBXNativeTarget section */

/* Begin PBXProject section */
		03E2B5AD2E8664AB00A8C8DA /* Project object */ = {
			isa = PBXProject;
			attributes = {
				BuildIndependentTargetsInParallel = 1;
				LastSwiftUpdateCheck = 1640;
				LastUpgradeCheck = 2620;
				TargetAttributes = {
					034694682EA127BF0003065C = {
						CreatedOnToolsVersion = 16.4;
						TestTargetID = 03E2B5B42E8664AB00A8C8DA;
					};
					03E2B5B42E8664AB00A8C8DA = {
						CreatedOnToolsVersion = 16.4;
						SystemCapabilities = {
							com.apple.iCloud = {
								enabled = 1;
							};
						};
					};
				};
			};
			buildConfigurationList = 03E2B5B02E8664AB00A8C8DA /* Build configuration list for PBXProject "Sahara" */;
			developmentRegion = en;
			hasScannedForEncodings = 0;
			knownRegions = (
				en,
				ko,
				ja,
				"zh-Hans",
				Base,
			);
			mainGroup = 03E2B5AC2E8664AB00A8C8DA;
			minimizedProjectReferenceProxies = 1;
			packageReferences = (
				03E2B5D22E866F0B00A8C8DA /* XCRemoteSwiftPackageReference "SnapKit" */,
				03E2B5D82E866F3C00A8C8DA /* XCRemoteSwiftPackageReference "RxSwift" */,
				03E2B5DD2E866F4B00A8C8DA /* XCRemoteSwiftPackageReference "Kingfisher" */,
				039745902E86DFD100BDA511 /* XCRemoteSwiftPackageReference "Alamofire" */,
				039745932E86E08500BDA511 /* XCRemoteSwiftPackageReference "realm-swift" */,
				030F3A3E2E8B6E02000E04B5 /* XCRemoteSwiftPackageReference "RxDataSources" */,
				035A09122E90D2B900221B3E /* XCRemoteSwiftPackageReference "firebase-ios-sdk" */,
				03F1A0012EC3D00100B4C001 /* XCRemoteSwiftPackageReference "ZIPFoundation" */,
			);
			preferredProjectObjectVersion = 77;
			productRefGroup = 03E2B5B62E8664AB00A8C8DA /* Products */;
			projectDirPath = "";
			projectRoot = "";
			targets = (
				03E2B5B42E8664AB00A8C8DA /* Sahara */,
				034694682EA127BF0003065C /* SaharaTests */,
				E45FD418C3D55D51C662192E /* SaharaWidget */,
			);
		};
/* End PBXProject section */

/* Begin PBXResourcesBuildPhase section */
		034694672EA127BF0003065C /* Resources */ = {
			isa = PBXResourcesBuildPhase;
			buildActionMask = 2147483647;
			files = (
			);
			runOnlyForDeploymentPostprocessing = 0;
		};
		03E2B5B32E8664AB00A8C8DA /* Resources */ = {
			isa = PBXResourcesBuildPhase;
			buildActionMask = 2147483647;
			files = (
				03E2B5CE2E8664E400A8C8DA /* .gitignore in Resources */,
			);
			runOnlyForDeploymentPostprocessing = 0;
		};
		3FC3F5B1EE611E2B57CA2291 /* Resources */ = {
			isa = PBXResourcesBuildPhase;
			buildActionMask = 2147483647;
			files = (
				48B972EDA01A0D7DFAC497C8 /* Assets.xcassets in Resources */,
				41F9CBFF45B2A7276A014737 /* Localizable.strings in Resources */,
				A1F0E7C3D8B24A9F10C3E002 /* Galmuri11-Bold.ttf in Resources */,
				A1F0E7C3D8B24A9F10C3E003 /* Galmuri14.ttf in Resources */,
			);
			runOnlyForDeploymentPostprocessing = 0;
		};
/* End PBXResourcesBuildPhase section */

/* Begin PBXShellScriptBuildPhase section */
		035A09452E90D48500221B3E /* ShellScript */ = {
			isa = PBXShellScriptBuildPhase;
			alwaysOutOfDate = 1;
			buildActionMask = 8;
			files = (
			);
			inputFileListPaths = (
			);
			inputPaths = (
				"${DWARF_DSYM_FOLDER_PATH}/${DWARF_DSYM_FILE_NAME}",
				"${DWARF_DSYM_FOLDER_PATH}/${DWARF_DSYM_FILE_NAME}/Contents/Resources/DWARF/${PRODUCT_NAME}",
				"${DWARF_DSYM_FOLDER_PATH}/${DWARF_DSYM_FILE_NAME}/Contents/Info.plist",
				"$(TARGET_BUILD_DIR)/$(UNLOCALIZED_RESOURCES_FOLDER_PATH)/GoogleService-Info.plist",
				"$(TARGET_BUILD_DIR)/$(EXECUTABLE_PATH)",
			);
			outputFileListPaths = (
			);
			outputPaths = (
			);
			runOnlyForDeploymentPostprocessing = 1;
			shellPath = /bin/sh;
			shellScript = "# Type a script or drag a script file from your workspace to insert its path.\n\"${BUILD_DIR%/Build/*}/SourcePackages/checkouts/firebase-ios-sdk/Crashlytics/run\"\n";
		};
/* End PBXShellScriptBuildPhase section */

/* Begin PBXSourcesBuildPhase section */
		034694652EA127BF0003065C /* Sources */ = {
			isa = PBXSourcesBuildPhase;
			buildActionMask = 2147483647;
			files = (
			);
			runOnlyForDeploymentPostprocessing = 0;
		};
		03E2B5B12E8664AB00A8C8DA /* Sources */ = {
			isa = PBXSourcesBuildPhase;
			buildActionMask = 2147483647;
			files = (
			);
			runOnlyForDeploymentPostprocessing = 0;
		};
		934E7857321C41EB398AEEE6 /* Sources */ = {
			isa = PBXSourcesBuildPhase;
			buildActionMask = 2147483647;
			files = (
				F6478EED89A88C5C9B8679BF /* SaharaWidgetBundle.swift in Sources */,
				11EAA4A28534A849B54F71B8 /* SaharaWidget.swift in Sources */,
				FCDBDE9C8938DB07A5B50AF6 /* WidgetEntryView.swift in Sources */,
				35809AA4E121A6056CB56712 /* AppGroupContainer.swift in Sources */,
				EA52C3608F29D4B30139A488 /* WidgetCardEntry.swift in Sources */,
				AD85792DE201FA8468B3E41E /* OnThisDaySelector.swift in Sources */,
				B7A3E1F2C4D5A6B8E9F01234 /* NavigateWidgetPhotoIntent.swift in Sources */,
			);
			runOnlyForDeploymentPostprocessing = 0;
		};
/* End PBXSourcesBuildPhase section */

/* Begin PBXTargetDependency section */
		0346946E2EA127BF0003065C /* PBXTargetDependency */ = {
			isa = PBXTargetDependency;
			target = 03E2B5B42E8664AB00A8C8DA /* Sahara */;
			targetProxy = 0346946D2EA127BF0003065C /* PBXContainerItemProxy */;
		};
		D25225EE73375F974FEA3678 /* PBXTargetDependency */ = {
			isa = PBXTargetDependency;
			name = SaharaWidget;
			target = E45FD418C3D55D51C662192E /* SaharaWidget */;
			targetProxy = 9F6C04DDB36FD24530F0AF49 /* PBXContainerItemProxy */;
		};
/* End PBXTargetDependency section */

/* Begin PBXVariantGroup section */
		7F687188F77FC625DD9732CC /* Localizable.strings */ = {
			isa = PBXVariantGroup;
			children = (
				DDAE112A04E74E8EB5EDDB78 /* ko */,
				47CD2822568FA817EC45BEE9 /* en */,
				2FFA727C3FD2CBCD02C8459C /* ja */,
				2248A9DE1AE24A3DFBF50CFE /* zh-Hans */,
			);
			name = Localizable.strings;
			sourceTree = "<group>";
		};
/* End PBXVariantGroup section */

/* Begin XCBuildConfiguration section */
		034694702EA127BF0003065C /* Debug */ = {
			isa = XCBuildConfiguration;
			buildSettings = {
				BUNDLE_LOADER = "$(TEST_HOST)";
				CODE_SIGN_STYLE = Automatic;
				CURRENT_PROJECT_VERSION = 1;
				DEVELOPMENT_TEAM = RFZY2ACQ74;
				GENERATE_INFOPLIST_FILE = YES;
				IPHONEOS_DEPLOYMENT_TARGET = 17.0;
				MARKETING_VERSION = 1.0;
				PRODUCT_BUNDLE_IDENTIFIER = com.miya.SaharaTests;
				PRODUCT_NAME = "$(TARGET_NAME)";
				SUPPORTED_PLATFORMS = "iphoneos iphonesimulator";
				SUPPORTS_MACCATALYST = YES;
				SUPPORTS_MAC_DESIGNED_FOR_IPHONE_IPAD = NO;
				SUPPORTS_XR_DESIGNED_FOR_IPHONE_IPAD = NO;
				SWIFT_EMIT_LOC_STRINGS = NO;
				SWIFT_VERSION = 5.0;
				TARGETED_DEVICE_FAMILY = "1,2";
				TEST_HOST = "$(BUILT_PRODUCTS_DIR)/Sahara.app/$(BUNDLE_EXECUTABLE_FOLDER_PATH)/Sahara";
			};
			name = Debug;
		};
		034694712EA127BF0003065C /* Release */ = {
			isa = XCBuildConfiguration;
			buildSettings = {
				BUNDLE_LOADER = "$(TEST_HOST)";
				CODE_SIGN_STYLE = Automatic;
				CURRENT_PROJECT_VERSION = 1;
				DEVELOPMENT_TEAM = RFZY2ACQ74;
				GENERATE_INFOPLIST_FILE = YES;
				IPHONEOS_DEPLOYMENT_TARGET = 17.0;
				MARKETING_VERSION = 1.0;
				PRODUCT_BUNDLE_IDENTIFIER = com.miya.SaharaTests;
				PRODUCT_NAME = "$(TARGET_NAME)";
				SUPPORTED_PLATFORMS = "iphoneos iphonesimulator";
				SUPPORTS_MACCATALYST = YES;
				SUPPORTS_MAC_DESIGNED_FOR_IPHONE_IPAD = NO;
				SUPPORTS_XR_DESIGNED_FOR_IPHONE_IPAD = NO;
				SWIFT_EMIT_LOC_STRINGS = NO;
				SWIFT_VERSION = 5.0;
				TARGETED_DEVICE_FAMILY = "1,2";
				TEST_HOST = "$(BUILT_PRODUCTS_DIR)/Sahara.app/$(BUNDLE_EXECUTABLE_FOLDER_PATH)/Sahara";
			};
			name = Release;
		};
		03E2B5C92E8664AD00A8C8DA /* Debug */ = {
			isa = XCBuildConfiguration;
			buildSettings = {
				ASSETCATALOG_COMPILER_APPICON_NAME = AppIconDev;
				ASSETCATALOG_COMPILER_GLOBAL_ACCENT_COLOR_NAME = AccentColor;
				CODE_SIGN_ENTITLEMENTS = Sahara/Sahara.entitlements;
				CODE_SIGN_IDENTITY = "Apple Development";
				CODE_SIGN_STYLE = Automatic;
				CURRENT_PROJECT_VERSION = 1;
				DEBUG_INFORMATION_FORMAT = "dwarf-with-dsym";
				DEVELOPMENT_TEAM = RFZY2ACQ74;
				GENERATE_INFOPLIST_FILE = YES;
				INFOPLIST_FILE = Sahara/Info.plist;
				INFOPLIST_KEY_CFBundleDisplayName = SaharaDev;
				INFOPLIST_KEY_LSApplicationCategoryType = "public.app-category.photography";
				INFOPLIST_KEY_NSCameraUsageDescription = "카드를 만들기 위해 카메라 접근 권한을 허용해주세요.";
				INFOPLIST_KEY_NSFaceIDUsageDescription = "비밀 카드를 보기 위해 Face ID 인증이 필요해요";
				INFOPLIST_KEY_NSLocationWhenInUseUsageDescription = "현재 위치를 기록하기 위해 위치 접근 권한을 허용해주세요";
				INFOPLIST_KEY_NSPhotoLibraryAddUsageDescription = "카드 이미지를 앨범에 저장하기 위해 권한을 허용해주세요.";
				INFOPLIST_KEY_NSPhotoLibraryUsageDescription = "카드를 만들기 위해 사진 라이브러리 접근 권한을 허용해주세요.";
				INFOPLIST_KEY_UIApplicationSupportsIndirectInputEvents = YES;
				INFOPLIST_KEY_UILaunchStoryboardName = LaunchScreen;
				INFOPLIST_KEY_UIRequiresFullScreen = NO;
				INFOPLIST_KEY_UISupportedInterfaceOrientations = UIInterfaceOrientationPortrait;
				INFOPLIST_KEY_UISupportedInterfaceOrientations_iPad = "UIInterfaceOrientationPortrait UIInterfaceOrientationLandscapeLeft UIInterfaceOrientationLandscapeRight UIInterfaceOrientationPortraitUpsideDown";
				INFOPLIST_KEY_UISupportedInterfaceOrientations_iPhone = UIInterfaceOrientationPortrait;
				INFOPLIST_KEY_UIUserInterfaceStyle = Light;
				IPHONEOS_DEPLOYMENT_TARGET = 17.0;
				LD_RUNPATH_SEARCH_PATHS = (
					"$(inherited)",
					"@executable_path/Frameworks",
				);
				MACOSX_DEPLOYMENT_TARGET = 14.0;
				MARKETING_VERSION = 1.6.0;
				PRODUCT_BUNDLE_IDENTIFIER = com.miya.Sahara.dev;
				PRODUCT_NAME = "$(TARGET_NAME)";
				PROVISIONING_PROFILE_SPECIFIER = "";
				SUPPORTED_PLATFORMS = "iphoneos iphonesimulator";
				SUPPORTS_MACCATALYST = YES;
				SUPPORTS_MAC_DESIGNED_FOR_IPHONE_IPAD = NO;
				SUPPORTS_XR_DESIGNED_FOR_IPHONE_IPAD = NO;
				SWIFT_EMIT_LOC_STRINGS = YES;
				SWIFT_VERSION = 5.0;
				TARGETED_DEVICE_FAMILY = "1,2";
			};
			name = Debug;
		};
		03E2B5CA2E8664AD00A8C8DA /* Release */ = {
			isa = XCBuildConfiguration;
			buildSettings = {
				ASSETCATALOG_COMPILER_APPICON_NAME = AppIcon;
				ASSETCATALOG_COMPILER_GLOBAL_ACCENT_COLOR_NAME = AccentColor;
				CODE_SIGN_ENTITLEMENTS = Sahara/Sahara.entitlements;
				CODE_SIGN_STYLE = Automatic;
				CURRENT_PROJECT_VERSION = 1;
				DEVELOPMENT_TEAM = RFZY2ACQ74;
				GENERATE_INFOPLIST_FILE = YES;
				INFOPLIST_FILE = Sahara/Info.plist;
				INFOPLIST_KEY_CFBundleDisplayName = Sahara;
				INFOPLIST_KEY_LSApplicationCategoryType = "public.app-category.photography";
				INFOPLIST_KEY_NSCameraUsageDescription = "카드를 만들기 위해 카메라 접근 권한을 허용해주세요.";
				INFOPLIST_KEY_NSFaceIDUsageDescription = "비밀 카드를 보기 위해 Face ID 인증이 필요해요";
				INFOPLIST_KEY_NSLocationWhenInUseUsageDescription = "현재 위치를 기록하기 위해 위치 접근 권한을 허용해주세요";
				INFOPLIST_KEY_NSPhotoLibraryAddUsageDescription = "카드 이미지를 앨범에 저장하기 위해 권한을 허용해주세요.";
				INFOPLIST_KEY_NSPhotoLibraryUsageDescription = "카드를 만들기 위해 사진 라이브러리 접근 권한을 허용해주세요.";
				INFOPLIST_KEY_UIApplicationSupportsIndirectInputEvents = YES;
				INFOPLIST_KEY_UILaunchStoryboardName = LaunchScreen;
				INFOPLIST_KEY_UIRequiresFullScreen = NO;
				INFOPLIST_KEY_UISupportedInterfaceOrientations = UIInterfaceOrientationPortrait;
				INFOPLIST_KEY_UISupportedInterfaceOrientations_iPad = "UIInterfaceOrientationPortrait UIInterfaceOrientationLandscapeLeft UIInterfaceOrientationLandscapeRight UIInterfaceOrientationPortraitUpsideDown";
				INFOPLIST_KEY_UISupportedInterfaceOrientations_iPhone = UIInterfaceOrientationPortrait;
				INFOPLIST_KEY_UIUserInterfaceStyle = Light;
				IPHONEOS_DEPLOYMENT_TARGET = 17.0;
				LD_RUNPATH_SEARCH_PATHS = (
					"$(inherited)",
					"@executable_path/Frameworks",
				);
				MACOSX_DEPLOYMENT_TARGET = 14.0;
				MARKETING_VERSION = 1.6.0;
				PRODUCT_BUNDLE_IDENTIFIER = com.miya.Sahara;
				PRODUCT_NAME = "$(TARGET_NAME)";
				SUPPORTED_PLATFORMS = "iphoneos iphonesimulator";
				SUPPORTS_MACCATALYST = YES;
				SUPPORTS_MAC_DESIGNED_FOR_IPHONE_IPAD = NO;
				SUPPORTS_XR_DESIGNED_FOR_IPHONE_IPAD = NO;
				SWIFT_EMIT_LOC_STRINGS = YES;
				SWIFT_VERSION = 5.0;
				TARGETED_DEVICE_FAMILY = "1,2";
			};
			name = Release;
		};
		03E2B5CB2E8664AD00A8C8DA /* Debug */ = {
			isa = XCBuildConfiguration;
			buildSettings = {
				ALWAYS_SEARCH_USER_PATHS = NO;
				ASSETCATALOG_COMPILER_GENERATE_SWIFT_ASSET_SYMBOL_EXTENSIONS = YES;
				CLANG_ANALYZER_LOCALIZABILITY_NONLOCALIZED = YES;
				CLANG_ANALYZER_NONNULL = YES;
				CLANG_ANALYZER_NUMBER_OBJECT_CONVERSION = YES_AGGRESSIVE;
				CLANG_CXX_LANGUAGE_STANDARD = "gnu++20";
				CLANG_ENABLE_MODULES = YES;
				CLANG_ENABLE_OBJC_ARC = YES;
				CLANG_ENABLE_OBJC_WEAK = YES;
				CLANG_WARN_BLOCK_CAPTURE_AUTORELEASING = YES;
				CLANG_WARN_BOOL_CONVERSION = YES;
				CLANG_WARN_COMMA = YES;
				CLANG_WARN_CONSTANT_CONVERSION = YES;
				CLANG_WARN_DEPRECATED_OBJC_IMPLEMENTATIONS = YES;
				CLANG_WARN_DIRECT_OBJC_ISA_USAGE = YES_ERROR;
				CLANG_WARN_DOCUMENTATION_COMMENTS = YES;
				CLANG_WARN_EMPTY_BODY = YES;
				CLANG_WARN_ENUM_CONVERSION = YES;
				CLANG_WARN_INFINITE_RECURSION = YES;
				CLANG_WARN_INT_CONVERSION = YES;
				CLANG_WARN_NON_LITERAL_NULL_CONVERSION = YES;
				CLANG_WARN_OBJC_IMPLICIT_RETAIN_SELF = YES;
				CLANG_WARN_OBJC_LITERAL_CONVERSION = YES;
				CLANG_WARN_OBJC_ROOT_CLASS = YES_ERROR;
				CLANG_WARN_QUOTED_INCLUDE_IN_FRAMEWORK_HEADER = YES;
				CLANG_WARN_RANGE_LOOP_ANALYSIS = YES;
				CLANG_WARN_STRICT_PROTOTYPES = YES;
				CLANG_WARN_SUSPICIOUS_MOVE = YES;
				CLANG_WARN_UNGUARDED_AVAILABILITY = YES_AGGRESSIVE;
				CLANG_WARN_UNREACHABLE_CODE = YES;
				CLANG_WARN__DUPLICATE_METHOD_MATCH = YES;
				COPY_PHASE_STRIP = NO;
				DEBUG_INFORMATION_FORMAT = dwarf;
				DEVELOPMENT_TEAM = RFZY2ACQ74;
				ENABLE_STRICT_OBJC_MSGSEND = YES;
				ENABLE_TESTABILITY = YES;
				ENABLE_USER_SCRIPT_SANDBOXING = YES;
				GCC_C_LANGUAGE_STANDARD = gnu17;
				GCC_DYNAMIC_NO_PIC = NO;
				GCC_NO_COMMON_BLOCKS = YES;
				GCC_OPTIMIZATION_LEVEL = 0;
				GCC_PREPROCESSOR_DEFINITIONS = (
					"DEBUG=1",
					"$(inherited)",
				);
				GCC_WARN_64_TO_32_BIT_CONVERSION = YES;
				GCC_WARN_ABOUT_RETURN_TYPE = YES_ERROR;
				GCC_WARN_UNDECLARED_SELECTOR = YES;
				GCC_WARN_UNINITIALIZED_AUTOS = YES_AGGRESSIVE;
				GCC_WARN_UNUSED_FUNCTION = YES;
				GCC_WARN_UNUSED_VARIABLE = YES;
				IPHONEOS_DEPLOYMENT_TARGET = 17.0;
				LOCALIZATION_PREFERS_STRING_CATALOGS = YES;
				MTL_ENABLE_DEBUG_INFO = INCLUDE_SOURCE;
				MTL_FAST_MATH = YES;
				ONLY_ACTIVE_ARCH = YES;
				SDKROOT = iphoneos;
				STRING_CATALOG_GENERATE_SYMBOLS = YES;
				SWIFT_ACTIVE_COMPILATION_CONDITIONS = "DEBUG $(inherited)";
				SWIFT_OPTIMIZATION_LEVEL = "-Onone";
			};
			name = Debug;
		};
		03E2B5CC2E8664AD00A8C8DA /* Release */ = {
			isa = XCBuildConfiguration;
			buildSettings = {
				ALWAYS_SEARCH_USER_PATHS = NO;
				ASSETCATALOG_COMPILER_GENERATE_SWIFT_ASSET_SYMBOL_EXTENSIONS = YES;
				CLANG_ANALYZER_LOCALIZABILITY_NONLOCALIZED = YES;
				CLANG_ANALYZER_NONNULL = YES;
				CLANG_ANALYZER_NUMBER_OBJECT_CONVERSION = YES_AGGRESSIVE;
				CLANG_CXX_LANGUAGE_STANDARD = "gnu++20";
				CLANG_ENABLE_MODULES = YES;
				CLANG_ENABLE_OBJC_ARC = YES;
				CLANG_ENABLE_OBJC_WEAK = YES;
				CLANG_WARN_BLOCK_CAPTURE_AUTORELEASING = YES;
				CLANG_WARN_BOOL_CONVERSION = YES;
				CLANG_WARN_COMMA = YES;
				CLANG_WARN_CONSTANT_CONVERSION = YES;
				CLANG_WARN_DEPRECATED_OBJC_IMPLEMENTATIONS = YES;
				CLANG_WARN_DIRECT_OBJC_ISA_USAGE = YES_ERROR;
				CLANG_WARN_DOCUMENTATION_COMMENTS = YES;
				CLANG_WARN_EMPTY_BODY = YES;
				CLANG_WARN_ENUM_CONVERSION = YES;
				CLANG_WARN_INFINITE_RECURSION = YES;
				CLANG_WARN_INT_CONVERSION = YES;
				CLANG_WARN_NON_LITERAL_NULL_CONVERSION = YES;
				CLANG_WARN_OBJC_IMPLICIT_RETAIN_SELF = YES;
				CLANG_WARN_OBJC_LITERAL_CONVERSION = YES;
				CLANG_WARN_OBJC_ROOT_CLASS = YES_ERROR;
				CLANG_WARN_QUOTED_INCLUDE_IN_FRAMEWORK_HEADER = YES;
				CLANG_WARN_RANGE_LOOP_ANALYSIS = YES;
				CLANG_WARN_STRICT_PROTOTYPES = YES;
				CLANG_WARN_SUSPICIOUS_MOVE = YES;
				CLANG_WARN_UNGUARDED_AVAILABILITY = YES_AGGRESSIVE;
				CLANG_WARN_UNREACHABLE_CODE = YES;
				CLANG_WARN__DUPLICATE_METHOD_MATCH = YES;
				COPY_PHASE_STRIP = NO;
				DEBUG_INFORMATION_FORMAT = "dwarf-with-dsym";
				DEVELOPMENT_TEAM = RFZY2ACQ74;
				ENABLE_NS_ASSERTIONS = NO;
				ENABLE_STRICT_OBJC_MSGSEND = YES;
				ENABLE_USER_SCRIPT_SANDBOXING = YES;
				GCC_C_LANGUAGE_STANDARD = gnu17;
				GCC_NO_COMMON_BLOCKS = YES;
				GCC_WARN_64_TO_32_BIT_CONVERSION = YES;
				GCC_WARN_ABOUT_RETURN_TYPE = YES_ERROR;
				GCC_WARN_UNDECLARED_SELECTOR = YES;
				GCC_WARN_UNINITIALIZED_AUTOS = YES_AGGRESSIVE;
				GCC_WARN_UNUSED_FUNCTION = YES;
				GCC_WARN_UNUSED_VARIABLE = YES;
				IPHONEOS_DEPLOYMENT_TARGET = 17.0;
				LOCALIZATION_PREFERS_STRING_CATALOGS = YES;
				MTL_ENABLE_DEBUG_INFO = NO;
				MTL_FAST_MATH = YES;
				SDKROOT = iphoneos;
				STRING_CATALOG_GENERATE_SYMBOLS = YES;
				SWIFT_COMPILATION_MODE = wholemodule;
				VALIDATE_PRODUCT = YES;
			};
			name = Release;
		};
		30D85514C2ABA88B1B791834 /* Debug */ = {
			isa = XCBuildConfiguration;
			buildSettings = {
				ASSETCATALOG_COMPILER_GLOBAL_ACCENT_COLOR_NAME = AccentColor;
				ASSETCATALOG_COMPILER_WIDGET_BACKGROUND_COLOR_NAME = WidgetBackground;
				CLANG_ENABLE_OBJC_WEAK = NO;
				CODE_SIGN_ENTITLEMENTS = SaharaWidget/SaharaWidget.entitlements;
				CODE_SIGN_STYLE = Automatic;
				CURRENT_PROJECT_VERSION = 1;
				DEVELOPMENT_TEAM = RFZY2ACQ74;
				GENERATE_INFOPLIST_FILE = YES;
				INFOPLIST_FILE = SaharaWidget/Info.plist;
				INFOPLIST_KEY_CFBundleDisplayName = SaharaWidget;
				INFOPLIST_KEY_NSHumanReadableCopyright = "";
				IPHONEOS_DEPLOYMENT_TARGET = 17.0;
				LD_RUNPATH_SEARCH_PATHS = (
					"$(inherited)",
					"@executable_path/Frameworks",
					"@executable_path/../../Frameworks",
				);
				MARKETING_VERSION = 1.6.0;
				PRODUCT_BUNDLE_IDENTIFIER = com.miya.Sahara.dev.SaharaWidget;
				PRODUCT_NAME = "$(TARGET_NAME)";
				SDKROOT = iphoneos;
				SKIP_INSTALL = YES;
				SUPPORTS_MACCATALYST = YES;
				SWIFT_EMIT_LOC_STRINGS = YES;
				SWIFT_VERSION = 5.0;
			};
			name = Debug;
		};
		71432FE0BBF79E6C7B525E45 /* Release */ = {
			isa = XCBuildConfiguration;
			buildSettings = {
				ASSETCATALOG_COMPILER_GLOBAL_ACCENT_COLOR_NAME = AccentColor;
				ASSETCATALOG_COMPILER_WIDGET_BACKGROUND_COLOR_NAME = WidgetBackground;
				CLANG_ENABLE_OBJC_WEAK = NO;
				CODE_SIGN_ENTITLEMENTS = SaharaWidget/SaharaWidget.entitlements;
				CODE_SIGN_STYLE = Automatic;
				CURRENT_PROJECT_VERSION = 1;
				DEVELOPMENT_TEAM = RFZY2ACQ74;
				GENERATE_INFOPLIST_FILE = YES;
				INFOPLIST_FILE = SaharaWidget/Info.plist;
				INFOPLIST_KEY_CFBundleDisplayName = SaharaWidget;
				INFOPLIST_KEY_NSHumanReadableCopyright = "";
				IPHONEOS_DEPLOYMENT_TARGET = 17.0;
				LD_RUNPATH_SEARCH_PATHS = (
					"$(inherited)",
					"@executable_path/Frameworks",
					"@executable_path/../../Frameworks",
				);
				MARKETING_VERSION = 1.6.0;
				PRODUCT_BUNDLE_IDENTIFIER = com.miya.Sahara.SaharaWidget;
				PRODUCT_NAME = "$(TARGET_NAME)";
				SDKROOT = iphoneos;
				SKIP_INSTALL = YES;
				SUPPORTS_MACCATALYST = YES;
				SWIFT_EMIT_LOC_STRINGS = YES;
				SWIFT_VERSION = 5.0;
				VALIDATE_PRODUCT = YES;
			};
			name = Release;
		};
/* End XCBuildConfiguration section */

/* Begin XCConfigurationList section */
		0346946F2EA127BF0003065C /* Build configuration list for PBXNativeTarget "SaharaTests" */ = {
			isa = XCConfigurationList;
			buildConfigurations = (
				034694702EA127BF0003065C /* Debug */,
				034694712EA127BF0003065C /* Release */,
			);
			defaultConfigurationIsVisible = 0;
			defaultConfigurationName = Release;
		};
		03E2B5B02E8664AB00A8C8DA /* Build configuration list for PBXProject "Sahara" */ = {
			isa = XCConfigurationList;
			buildConfigurations = (
				03E2B5CB2E8664AD00A8C8DA /* Debug */,
				03E2B5CC2E8664AD00A8C8DA /* Release */,
			);
			defaultConfigurationIsVisible = 0;
			defaultConfigurationName = Release;
		};
		03E2B5C82E8664AD00A8C8DA /* Build configuration list for PBXNativeTarget "Sahara" */ = {
			isa = XCConfigurationList;
			buildConfigurations = (
				03E2B5C92E8664AD00A8C8DA /* Debug */,
				03E2B5CA2E8664AD00A8C8DA /* Release */,
			);
			defaultConfigurationIsVisible = 0;
			defaultConfigurationName = Release;
		};
		CB61CC5D02C375C634A66A57 /* Build configuration list for PBXNativeTarget "SaharaWidget" */ = {
			isa = XCConfigurationList;
			buildConfigurations = (
				71432FE0BBF79E6C7B525E45 /* Release */,
				30D85514C2ABA88B1B791834 /* Debug */,
			);
			defaultConfigurationIsVisible = 0;
			defaultConfigurationName = Release;
		};
/* End XCConfigurationList section */

/* Begin XCRemoteSwiftPackageReference section */
		030F3A3E2E8B6E02000E04B5 /* XCRemoteSwiftPackageReference "RxDataSources" */ = {
			isa = XCRemoteSwiftPackageReference;
			repositoryURL = "https://github.com/RxSwiftCommunity/RxDataSources.git";
			requirement = {
				kind = upToNextMajorVersion;
				minimumVersion = 5.0.2;
			};
		};
		035A09122E90D2B900221B3E /* XCRemoteSwiftPackageReference "firebase-ios-sdk" */ = {
			isa = XCRemoteSwiftPackageReference;
			repositoryURL = "https://github.com/firebase/firebase-ios-sdk.git";
			requirement = {
				kind = upToNextMajorVersion;
				minimumVersion = 12.3.0;
			};
		};
		039745902E86DFD100BDA511 /* XCRemoteSwiftPackageReference "Alamofire" */ = {
			isa = XCRemoteSwiftPackageReference;
			repositoryURL = "https://github.com/Alamofire/Alamofire";
			requirement = {
				kind = upToNextMajorVersion;
				minimumVersion = 5.10.2;
			};
		};
		039745932E86E08500BDA511 /* XCRemoteSwiftPackageReference "realm-swift" */ = {
			isa = XCRemoteSwiftPackageReference;
			repositoryURL = "https://github.com/realm/realm-swift.git";
			requirement = {
				kind = exactVersion;
				version = 20.0.3;
			};
		};
		03E2B5D22E866F0B00A8C8DA /* XCRemoteSwiftPackageReference "SnapKit" */ = {
			isa = XCRemoteSwiftPackageReference;
			repositoryURL = "https://github.com/SnapKit/SnapKit.git";
			requirement = {
				kind = upToNextMajorVersion;
				minimumVersion = 5.7.1;
			};
		};
		03E2B5D82E866F3C00A8C8DA /* XCRemoteSwiftPackageReference "RxSwift" */ = {
			isa = XCRemoteSwiftPackageReference;
			repositoryURL = "https://github.com/ReactiveX/RxSwift.git";
			requirement = {
				kind = upToNextMajorVersion;
				minimumVersion = 6.9.0;
			};
		};
		03E2B5DD2E866F4B00A8C8DA /* XCRemoteSwiftPackageReference "Kingfisher" */ = {
			isa = XCRemoteSwiftPackageReference;
			repositoryURL = "https://github.com/onevcat/Kingfisher";
			requirement = {
				kind = upToNextMajorVersion;
				minimumVersion = 8.5.0;
			};
		};
		03F1A0012EC3D00100B4C001 /* XCRemoteSwiftPackageReference "ZIPFoundation" */ = {
			isa = XCRemoteSwiftPackageReference;
			repositoryURL = "https://github.com/weichsel/ZIPFoundation.git";
			requirement = {
				kind = upToNextMajorVersion;
				minimumVersion = 0.9.19;
			};
		};
/* End XCRemoteSwiftPackageReference section */

/* Begin XCSwiftPackageProductDependency section */
		030F3A3F2E8B6E02000E04B5 /* RxDataSources */ = {
			isa = XCSwiftPackageProductDependency;
			package = 030F3A3E2E8B6E02000E04B5 /* XCRemoteSwiftPackageReference "RxDataSources" */;
			productName = RxDataSources;
		};
		035A09132E90D2B900221B3E /* FirebaseAnalytics */ = {
			isa = XCSwiftPackageProductDependency;
			package = 035A09122E90D2B900221B3E /* XCRemoteSwiftPackageReference "firebase-ios-sdk" */;
			productName = FirebaseAnalytics;
		};
		035A09152E90D2B900221B3E /* FirebaseCrashlytics */ = {
			isa = XCSwiftPackageProductDependency;
			package = 035A09122E90D2B900221B3E /* XCRemoteSwiftPackageReference "firebase-ios-sdk" */;
			productName = FirebaseCrashlytics;
		};
		0373CD562EA157EA001DD9A0 /* FirebaseMessaging */ = {
			isa = XCSwiftPackageProductDependency;
			package = 035A09122E90D2B900221B3E /* XCRemoteSwiftPackageReference "firebase-ios-sdk" */;
			productName = FirebaseMessaging;
		};
		039745912E86DFD100BDA511 /* Alamofire */ = {
			isa = XCSwiftPackageProductDependency;
			package = 039745902E86DFD100BDA511 /* XCRemoteSwiftPackageReference "Alamofire" */;
			productName = Alamofire;
		};
		039745942E86E08500BDA511 /* RealmSwift */ = {
			isa = XCSwiftPackageProductDependency;
			package = 039745932E86E08500BDA511 /* XCRemoteSwiftPackageReference "realm-swift" */;
			productName = RealmSwift;
		};
		03BD998E2EA12A9E004F09FF /* RealmSwift */ = {
			isa = XCSwiftPackageProductDependency;
			package = 039745932E86E08500BDA511 /* XCRemoteSwiftPackageReference "realm-swift" */;
			productName = RealmSwift;
		};
		03E2B5D32E866F0B00A8C8DA /* SnapKit */ = {
			isa = XCSwiftPackageProductDependency;
			package = 03E2B5D22E866F0B00A8C8DA /* XCRemoteSwiftPackageReference "SnapKit" */;
			productName = SnapKit;
		};
		03E2B5D92E866F3C00A8C8DA /* RxCocoa */ = {
			isa = XCSwiftPackageProductDependency;
			package = 03E2B5D82E866F3C00A8C8DA /* XCRemoteSwiftPackageReference "RxSwift" */;
			productName = RxCocoa;
		};
		03E2B5DB2E866F3C00A8C8DA /* RxSwift */ = {
			isa = XCSwiftPackageProductDependency;
			package = 03E2B5D82E866F3C00A8C8DA /* XCRemoteSwiftPackageReference "RxSwift" */;
			productName = RxSwift;
		};
		03E2B5DE2E866F4B00A8C8DA /* Kingfisher */ = {
			isa = XCSwiftPackageProductDependency;
			package = 03E2B5DD2E866F4B00A8C8DA /* XCRemoteSwiftPackageReference "Kingfisher" */;
			productName = Kingfisher;
		};
		03F1A0022EC3D00100B4C002 /* ZIPFoundation */ = {
			isa = XCSwiftPackageProductDependency;
			package = 03F1A0012EC3D00100B4C001 /* XCRemoteSwiftPackageReference "ZIPFoundation" */;
			productName = ZIPFoundation;
		};
/* End XCSwiftPackageProductDependency section */
	};
	rootObject = 03E2B5AD2E8664AB00A8C8DA /* Project object */;
}
